[[package]]
name = "colorama"
version = "0.4.4"
requires_python = ">=2.7, !=3.0.*, !=3.1.*, !=3.2.*, !=3.3.*, !=3.4.*"
summary = "Cross-platform colored terminal text."

[[package]]
name = "loguru"
version = "0.6.0"
requires_python = ">=3.5"
summary = "Python logging made (stupidly) simple"
dependencies = [
    "colorama>=0.3.4; sys_platform == \"win32\"",
    "win32-setctime>=1.0.0; sys_platform == \"win32\"",
]

[[package]]
name = "statv"
version = "0.1.0"
requires_python = ">=3.8"
summary = "a uniform status implementation for graia project"

[[package]]
name = "win32-setctime"
version = "1.1.0"
requires_python = ">=3.5"
summary = "A small Python utility to set file creation time on Windows"

[metadata]
lock_version = "3.1"
content_hash = "sha256:3b432f8068947208998093fc7c0c238e39ecebb962f3ef4d02512a2ee5d1ce82"

[metadata.files]
"colorama 0.4.4" = [
    {file = "colorama-0.4.4-py2.py3-none-any.whl", hash = "sha256:9f47eda37229f68eee03b24b9748937c7dc3868f906e8ba69fbcbdd3bc5dc3e2"},
    {file = "colorama-0.4.4.tar.gz", hash = "sha256:5941b2b48a20143d2267e95b1c2a7603ce057ee39fd88e7329b0c292aa16869b"},
]
"loguru 0.6.0" = [
    {file = "loguru-0.6.0-py3-none-any.whl", hash = "sha256:4e2414d534a2ab57573365b3e6d0234dfb1d84b68b7f3b948e6fb743860a77c3"},
    {file = "loguru-0.6.0.tar.gz", hash = "sha256:066bd06758d0a513e9836fd9c6b5a75bfb3fd36841f4b996bc60b547a309d41c"},
]
"statv 0.1.0" = [
    {file = "statv-0.1.0-py3-none-any.whl", hash = "sha256:7aa6fa41f86457fb1b8103c46a4cc3282b33034d26ea3d80499288c5c63a559d"},
    {file = "statv-0.1.0.tar.gz", hash = "sha256:a01d0761fb8668891f797b833abfcd5c85b8aed1aafe660c79780c31e7457c69"},
]
"win32-setctime 1.1.0" = [
    {file = "win32_setctime-1.1.0-py3-none-any.whl", hash = "sha256:231db239e959c2fe7eb1d7dc129f11172354f98361c4fa2d6d2d7e278baa8aad"},
    {file = "win32_setctime-1.1.0.tar.gz", hash = "sha256:15cf5750465118d6929ae4de4eb46e8edae9a5634350c01ba582df868e932cb2"},
]
